{
    "name": "to.pinf.com.github.pages",
    "version": "0.1.10",
    "lockfileVersion": 1,
    "requires": true,
    "dependencies": {
        "bash.origin.workspace": {
            "version": "0.2.77",
            "resolved": "https://registry.npmjs.org/bash.origin.workspace/-/bash.origin.workspace-0.2.77.tgz",
            "integrity": "sha1-4T42a8uxrC6UoUvm3MvlQ61AlMA=",
            "requires": {
                "bash.origin": "^0.1.90"
            },
            "dependencies": {
                "bash.origin": {
                    "version": "0.1.90",
                    "resolved": "https://registry.npmjs.org/bash.origin/-/bash.origin-0.1.90.tgz",
                    "integrity": "sha1-X0dDZiwrDawL14UNf2VC71kJiOg="
                }
            }
        },
        "highlight.js": {
            "version": "9.12.0",
            "resolved": "https://registry.npmjs.org/highlight.js/-/highlight.js-9.12.0.tgz",
            "integrity": "sha1-5tnb5Xy+/mB1HwKvM2GVhwyQwB4="
        },
        "marked": {
            "version": "0.3.12",
            "resolved": "https://registry.npmjs.org/marked/-/marked-0.3.12.tgz",
            "integrity": "sha1-fPJf8iUmMvP+JAa94ljpTu6SdRk="
        }
    }
}
