{
    "name": "to.pinf.com.github.pages",
    "version": "0.1.7",
    "lockfileVersion": 1,
    "requires": true,
    "dependencies": {
        "bash.origin.workspace": {
            "version": "0.2.16",
            "resolved": "https://registry.npmjs.org/bash.origin.workspace/-/bash.origin.workspace-0.2.16.tgz",
            "integrity": "sha512-9XQUBaBAiMA/YVpUpOfjslpd0vP3nl2fkXw7OdDP0ipigPdgIAIS57FQDU02a9TW7Taz7a9/CkaJKevnudifvg==",
            "requires": {
                "bash.origin": "0.1.74"
            },
            "dependencies": {
                "bash.origin": {
                    "version": "0.1.74",
                    "resolved": "https://registry.npmjs.org/bash.origin/-/bash.origin-0.1.74.tgz",
                    "integrity": "sha1-2JlkTrIRSfDCuOrZSV1NE/FUnC8="
                }
            }
        },
        "escape-regexp": {
            "version": "0.0.1",
            "resolved": "https://registry.npmjs.org/escape-regexp/-/escape-regexp-0.0.1.tgz",
            "integrity": "sha1-9EvaEtRbvfnLf4Yu5+SCez3TIlQ="
        },
        "highlight.js": {
            "version": "9.12.0",
            "resolved": "https://registry.npmjs.org/highlight.js/-/highlight.js-9.12.0.tgz",
            "integrity": "sha1-5tnb5Xy+/mB1HwKvM2GVhwyQwB4="
        },
        "marked": {
            "version": "0.3.6",
            "resolved": "https://registry.npmjs.org/marked/-/marked-0.3.6.tgz",
            "integrity": "sha1-ssbGGPzOzk74bE/Gy4p8v1rtqNc="
        }
    }
}
